// !$*UTF8*$!
{
	archiveVersion = 1;
	classes = {
	};
	objectVersion = 51;
	objects = {

/* Begin PBXBuildFile section */
		523D808924783C2800B048CB /* AppDelegate.swift in Sources */ = {isa = PBXBuildFile; fileRef = 523D808824783C2800B048CB /* AppDelegate.swift */; };
		523D808D24783C2800B048CB /* ViewController.swift in Sources */ = {isa = PBXBuildFile; fileRef = 523D808C24783C2800B048CB /* ViewController.swift */; };
		523D809024783C2800B048CB /* Main.storyboard in Resources */ = {isa = PBXBuildFile; fileRef = 523D808E24783C2800B048CB /* Main.storyboard */; };
		523D809224783C2900B048CB /* Assets.xcassets in Resources */ = {isa = PBXBuildFile; fileRef = 523D809124783C2900B048CB /* Assets.xcassets */; };
		523D809524783C2900B048CB /* LaunchScreen.storyboard in Resources */ = {isa = PBXBuildFile; fileRef = 523D809324783C2900B048CB /* LaunchScreen.storyboard */; };
		523D809F24783DDD00B048CB /* MovieCell.swift in Sources */ = {isa = PBXBuildFile; fileRef = 523D809D24783DDD00B048CB /* MovieCell.swift */; };
		523D80A024783DDD00B048CB /* PosterCell.swift in Sources */ = {isa = PBXBuildFile; fileRef = 523D809E24783DDD00B048CB /* PosterCell.swift */; };
		523D80A724783E0000B048CB /* MovieViewController.swift in Sources */ = {isa = PBXBuildFile; fileRef = 523D80A224783E0000B048CB /* MovieViewController.swift */; };
		523D80A824783E0000B048CB /* PosterViewController.swift in Sources */ = {isa = PBXBuildFile; fileRef = 523D80A324783E0000B048CB /* PosterViewController.swift */; };
		523D80A924783E0000B048CB /* DetailViewController.swift in Sources */ = {isa = PBXBuildFile; fileRef = 523D80A424783E0000B048CB /* DetailViewController.swift */; };
		874815EDDBB283DAE81D1B8B /* Pods_MovieBrowser.framework in Frameworks */ = {isa = PBXBuildFile; fileRef = 04FECEF87E0CE3404CAB3EA0 /* Pods_MovieBrowser.framework */; };
/* End PBXBuildFile section */

/* Begin PBXFileReference section */
		04FECEF87E0CE3404CAB3EA0 /* Pods_MovieBrowser.framework */ = {isa = PBXFileReference; explicitFileType = wrapper.framework; includeInIndex = 0; path = Pods_MovieBrowser.framework; sourceTree = BUILT_PRODUCTS_DIR; };
		523D808524783C2800B048CB /* MovieBrowser.app */ = {isa = PBXFileReference; explicitFileType = wrapper.application; includeInIndex = 0; path = MovieBrowser.app; sourceTree = BUILT_PRODUCTS_DIR; };
		523D808824783C2800B048CB /* AppDelegate.swift */ = {isa = PBXFileReference; lastKnownFileType = sourcecode.swift; path = AppDelegate.swift; sourceTree = "<group>"; };
		523D808C24783C2800B048CB /* ViewController.swift */ = {isa = PBXFileReference; lastKnownFileType = sourcecode.swift; path = ViewController.swift; sourceTree = "<group>"; };
		523D808F24783C2800B048CB /* Base */ = {isa = PBXFileReference; lastKnownFileType = file.storyboard; name = Base; path = Base.lproj/Main.storyboard; sourceTree = "<group>"; };
		523D809124783C2900B048CB /* Assets.xcassets */ = {isa = PBXFileReference; lastKnownFileType = folder.assetcatalog; path = Assets.xcassets; sourceTree = "<group>"; };
		523D809424783C2900B048CB /* Base */ = {isa = PBXFileReference; lastKnownFileType = file.storyboard; name = Base; path = Base.lproj/LaunchScreen.storyboard; sourceTree = "<group>"; };
		523D809624783C2900B048CB /* Info.plist */ = {isa = PBXFileReference; lastKnownFileType = text.plist.xml; path = Info.plist; sourceTree = "<group>"; };
		523D809D24783DDD00B048CB /* MovieCell.swift */ = {isa = PBXFileReference; fileEncoding = 4; lastKnownFileType = sourcecode.swift; path = MovieCell.swift; sourceTree = "<group>"; };
		523D809E24783DDD00B048CB /* PosterCell.swift */ = {isa = PBXFileReference; fileEncoding = 4; lastKnownFileType = sourcecode.swift; path = PosterCell.swift; sourceTree = "<group>"; };
		523D80A224783E0000B048CB /* MovieViewController.swift */ = {isa = PBXFileReference; fileEncoding = 4; lastKnownFileType = sourcecode.swift; path = MovieViewController.swift; sourceTree = "<group>"; };
		523D80A324783E0000B048CB /* PosterViewController.swift */ = {isa = PBXFileReference; fileEncoding = 4; lastKnownFileType = sourcecode.swift; path = PosterViewController.swift; sourceTree = "<group>"; };
		523D80A424783E0000B048CB /* DetailViewController.swift */ = {isa = PBXFileReference; fileEncoding = 4; lastKnownFileType = sourcecode.swift; path = DetailViewController.swift; sourceTree = "<group>"; };
		523D80AC2478400500B048CB /* libAFNetworking.a */ = {isa = PBXFileReference; explicitFileType = archive.ar; path = libAFNetworking.a; sourceTree = BUILT_PRODUCTS_DIR; };
		7779DFF96153C8DC2B004C0B /* libPods-MovieBrowser.a */ = {isa = PBXFileReference; explicitFileType = archive.ar; includeInIndex = 0; path = "libPods-MovieBrowser.a"; sourceTree = BUILT_PRODUCTS_DIR; };
		87CC69219A36E167A81F296A /* Pods-MovieBrowser.release.xcconfig */ = {isa = PBXFileReference; includeInIndex = 1; lastKnownFileType = text.xcconfig; name = "Pods-MovieBrowser.release.xcconfig"; path = "Target Support Files/Pods-MovieBrowser/Pods-MovieBrowser.release.xcconfig"; sourceTree = "<group>"; };
		C003AD658AD7E2EA795A3F4F /* Pods-MovieBrowser.debug.xcconfig */ = {isa = PBXFileReference; includeInIndex = 1; lastKnownFileType = text.xcconfig; name = "Pods-MovieBrowser.debug.xcconfig"; path = "Target Support Files/Pods-MovieBrowser/Pods-MovieBrowser.debug.xcconfig"; sourceTree = "<group>"; };
/* End PBXFileReference section */

/* Begin PBXFrameworksBuildPhase section */
		523D808224783C2800B048CB /* Frameworks */ = {
			isa = PBXFrameworksBuildPhase;
			buildActionMask = 2147483647;
			files = (
				874815EDDBB283DAE81D1B8B /* Pods_MovieBrowser.framework in Frameworks */,
			);
			runOnlyForDeploymentPostprocessing = 0;
		};
/* End PBXFrameworksBuildPhase section */

/* Begin PBXGroup section */
		0BAB8A3E387955746914E391 /* Pods */ = {
			isa = PBXGroup;
			children = (
				C003AD658AD7E2EA795A3F4F /* Pods-MovieBrowser.debug.xcconfig */,
				87CC69219A36E167A81F296A /* Pods-MovieBrowser.release.xcconfig */,
			);
			path = Pods;
			sourceTree = "<group>";
		};
		523D807C24783C2800B048CB = {
			isa = PBXGroup;
			children = (
				523D808724783C2800B048CB /* MovieBrowser */,
				523D808624783C2800B048CB /* Products */,
				0BAB8A3E387955746914E391 /* Pods */,
				E8FEBB3E4DDDAFAE7DF25936 /* Frameworks */,
			);
			sourceTree = "<group>";
		};
		523D808624783C2800B048CB /* Products */ = {
			isa = PBXGroup;
			children = (
				523D808524783C2800B048CB /* MovieBrowser.app */,
			);
			name = Products;
			sourceTree = "<group>";
		};
		523D808724783C2800B048CB /* MovieBrowser */ = {
			isa = PBXGroup;
			children = (
				523D80A124783DEA00B048CB /* Controller */,
				523D809C24783DCB00B048CB /* cell */,
				523D808824783C2800B048CB /* AppDelegate.swift */,
				523D808C24783C2800B048CB /* ViewController.swift */,
				523D808E24783C2800B048CB /* Main.storyboard */,
				523D809124783C2900B048CB /* Assets.xcassets */,
				523D809324783C2900B048CB /* LaunchScreen.storyboard */,
				523D809624783C2900B048CB /* Info.plist */,
			);
			path = MovieBrowser;
			sourceTree = "<group>";
		};
		523D809C24783DCB00B048CB /* cell */ = {
			isa = PBXGroup;
			children = (
				523D809D24783DDD00B048CB /* MovieCell.swift */,
				523D809E24783DDD00B048CB /* PosterCell.swift */,
			);
			path = cell;
			sourceTree = "<group>";
		};
		523D80A124783DEA00B048CB /* Controller */ = {
			isa = PBXGroup;
			children = (
				523D80A424783E0000B048CB /* DetailViewController.swift */,
				523D80A224783E0000B048CB /* MovieViewController.swift */,
				523D80A324783E0000B048CB /* PosterViewController.swift */,
			);
			path = Controller;
			sourceTree = "<group>";
		};
		E8FEBB3E4DDDAFAE7DF25936 /* Frameworks */ = {
			isa = PBXGroup;
			children = (
				523D80AC2478400500B048CB /* libAFNetworking.a */,
				7779DFF96153C8DC2B004C0B /* libPods-MovieBrowser.a */,
				04FECEF87E0CE3404CAB3EA0 /* Pods_MovieBrowser.framework */,
			);
			name = Frameworks;
			sourceTree = "<group>";
		};
/* End PBXGroup section */

/* Begin PBXNativeTarget section */
		523D808424783C2800B048CB /* MovieBrowser */ = {
			isa = PBXNativeTarget;
			buildConfigurationList = 523D809924783C2900B048CB /* Build configuration list for PBXNativeTarget "MovieBrowser" */;
			buildPhases = (
				D17F19ABA26556280C86DE34 /* [CP] Check Pods Manifest.lock */,
				523D808124783C2800B048CB /* Sources */,
				523D808224783C2800B048CB /* Frameworks */,
				523D808324783C2800B048CB /* Resources */,
				794275FE203B72A0098468BA /* [CP] Embed Pods Frameworks */,
			);
			buildRules = (
			);
			dependencies = (
			);
			name = MovieBrowser;
			productName = MovieBrowser;
			productReference = 523D808524783C2800B048CB /* MovieBrowser.app */;
			productType = "com.apple.product-type.application";
		};
/* End PBXNativeTarget section */

/* Begin PBXProject section */
		523D807D24783C2800B048CB /* Project object */ = {
			isa = PBXProject;
			attributes = {
				LastSwiftUpdateCheck = 1130;
				LastUpgradeCheck = 1130;
				ORGANIZATIONNAME = Test;
				TargetAttributes = {
					523D808424783C2800B048CB = {
						CreatedOnToolsVersion = 11.3.1;
					};
				};
			};
			buildConfigurationList = 523D808024783C2800B048CB /* Build configuration list for PBXProject "MovieBrowser" */;
			compatibilityVersion = "Xcode 9.3";
			developmentRegion = en;
			hasScannedForEncodings = 0;
			knownRegions = (
				en,
				Base,
			);
			mainGroup = 523D807C24783C2800B048CB;
			productRefGroup = 523D808624783C2800B048CB /* Products */;
			projectDirPath = "";
			projectRoot = "";
			targets = (
				523D808424783C2800B048CB /* MovieBrowser */,
			);
		};
/* End PBXProject section */

/* Begin PBXResourcesBuildPhase section */
		523D808324783C2800B048CB /* Resources */ = {
			isa = PBXResourcesBuildPhase;
			buildActionMask = 2147483647;
			files = (
				523D809524783C2900B048CB /* LaunchScreen.storyboard in Resources */,
				523D809224783C2900B048CB /* Assets.xcassets in Resources */,
				523D809024783C2800B048CB /* Main.storyboard in Resources */,
			);
			runOnlyForDeploymentPostprocessing = 0;
		};
/* End PBXResourcesBuildPhase section */

/* Begin PBXShellScriptBuildPhase section */
		794275FE203B72A0098468BA /* [CP] Embed Pods Frameworks */ = {
			isa = PBXShellScriptBuildPhase;
			buildActionMask = 2147483647;
			files = (
			);
			inputFileListPaths = (
				"${PODS_ROOT}/Target Support Files/Pods-MovieBrowser/Pods-MovieBrowser-frameworks-${CONFIGURATION}-input-files.xcfilelist",
			);
			name = "[CP] Embed Pods Frameworks";
			outputFileListPaths = (
				"${PODS_ROOT}/Target Support Files/Pods-MovieBrowser/Pods-MovieBrowser-frameworks-${CONFIGURATION}-output-files.xcfilelist",
			);
			runOnlyForDeploymentPostprocessing = 0;
			shellPath = /bin/sh;
			shellScript = "\"${PODS_ROOT}/Target Support Files/Pods-MovieBrowser/Pods-MovieBrowser-frameworks.sh\"\n";
			showEnvVarsInLog = 0;
		};
		D17F19ABA26556280C86DE34 /* [CP] Check Pods Manifest.lock */ = {
			isa = PBXShellScriptBuildPhase;
			buildActionMask = 2147483647;
			files = (
			);
			inputFileListPaths = (
			);
			inputPaths = (
				"${PODS_PODFILE_DIR_PATH}/Podfile.lock",
				"${PODS_ROOT}/Manifest.lock",
			);
			name = "[CP] Check Pods Manifest.lock";
			outputFileListPaths = (
			);
			outputPaths = (
				"$(DERIVED_FILE_DIR)/Pods-MovieBrowser-checkManifestLockResult.txt",
			);
			runOnlyForDeploymentPostprocessing = 0;
			shellPath = /bin/sh;
			shellScript = "diff \"${PODS_PODFILE_DIR_PATH}/Podfile.lock\" \"${PODS_ROOT}/Manifest.lock\" > /dev/null\nif [ $? != 0 ] ; then\n    # print error to STDERR\n    echo \"error: The sandbox is not in sync with the Podfile.lock. Run 'pod install' or update your CocoaPods installation.\" >&2\n    exit 1\nfi\n# This output is used by Xcode 'outputs' to avoid re-running this script phase.\necho \"SUCCESS\" > \"${SCRIPT_OUTPUT_FILE_0}\"\n";
			showEnvVarsInLog = 0;
		};
/* End PBXShellScriptBuildPhase section */

/* Begin PBXSourcesBuildPhase section */
		523D808124783C2800B048CB /* Sources */ = {
			isa = PBXSourcesBuildPhase;
			buildActionMask = 2147483647;
			files = (
				523D80A824783E0000B048CB /* PosterViewController.swift in Sources */,
				523D808D24783C2800B048CB /* ViewController.swift in Sources */,
				523D80A024783DDD00B048CB /* PosterCell.swift in Sources */,
				523D808924783C2800B048CB /* AppDelegate.swift in Sources */,
				523D809F24783DDD00B048CB /* MovieCell.swift in Sources */,
				523D80A724783E0000B048CB /* MovieViewController.swift in Sources */,
				523D80A924783E0000B048CB /* DetailViewController.swift in Sources */,
			);
			runOnlyForDeploymentPostprocessing = 0;
		};
/* End PBXSourcesBuildPhase section */

/* Begin PBXVariantGroup section */
		523D808E24783C2800B048CB /* Main.storyboard */ = {
			isa = PBXVariantGroup;
			children = (
				523D808F24783C2800B048CB /* Base */,
			);
			name = Main.storyboard;
			sourceTree = "<group>";
		};
		523D809324783C2900B048CB /* LaunchScreen.storyboard */ = {
			isa = PBXVariantGroup;
			children = (
				523D809424783C2900B048CB /* Base */,
			);
			name = LaunchScreen.storyboard;
			sourceTree = "<group>";
		};
/* End PBXVariantGroup section */

/* Begin XCBuildConfiguration section */
		523D809724783C2900B048CB /* Debug */ = {
			isa = XCBuildConfiguration;
			buildSettings = {
				ALWAYS_SEARCH_USER_PATHS = NO;
				CLANG_ANALYZER_NONNULL = YES;
				CLANG_ANALYZER_NUMBER_OBJECT_CONVERSION = YES_AGGRESSIVE;
				CLANG_CXX_LANGUAGE_STANDARD = "gnu++14";
				CLANG_CXX_LIBRARY = "libc++";
				CLANG_ENABLE_MODULES = YES;
				CLANG_ENABLE_OBJC_ARC = YES;
				CLANG_ENABLE_OBJC_WEAK = YES;
				CLANG_WARN_BLOCK_CAPTURE_AUTORELEASING = YES;
				CLANG_WARN_BOOL_CONVERSION = YES;
				CLANG_WARN_COMMA = YES;
				CLANG_WARN_CONSTANT_CONVERSION = YES;
				CLANG_WARN_DEPRECATED_OBJC_IMPLEMENTATIONS = YES;
				CLANG_WARN_DIRECT_OBJC_ISA_USAGE = YES_ERROR;
				CLANG_WARN_DOCUMENTATION_COMMENTS = YES;
				CLANG_WARN_EMPTY_BODY = YES;
				CLANG_WARN_ENUM_CONVERSION = YES;
				CLANG_WARN_INFINITE_RECURSION = YES;
				CLANG_WARN_INT_CONVERSION = YES;
				CLANG_WARN_NON_LITERAL_NULL_CONVERSION = YES;
				CLANG_WARN_OBJC_IMPLICIT_RETAIN_SELF = YES;
				CLANG_WARN_OBJC_LITERAL_CONVERSION = YES;
				CLANG_WARN_OBJC_ROOT_CLASS = YES_ERROR;
				CLANG_WARN_RANGE_LOOP_ANALYSIS = YES;
				CLANG_WARN_STRICT_PROTOTYPES = YES;
				CLANG_WARN_SUSPICIOUS_MOVE = YES;
				CLANG_WARN_UNGUARDED_AVAILABILITY = YES_AGGRESSIVE;
				CLANG_WARN_UNREACHABLE_CODE = YES;
				CLANG_WARN__DUPLICATE_METHOD_MATCH = YES;
				COPY_PHASE_STRIP = NO;
				DEBUG_INFORMATION_FORMAT = dwarf;
				ENABLE_STRICT_OBJC_MSGSEND = YES;
				ENABLE_TESTABILITY = YES;
				GCC_C_LANGUAGE_STANDARD = gnu11;
				GCC_DYNAMIC_NO_PIC = NO;
				GCC_NO_COMMON_BLOCKS = YES;
				GCC_OPTIMIZATION_LEVEL = 0;
				GCC_PREPROCESSOR_DEFINITIONS = (
					"DEBUG=1",
					"$(inherited)",
				);
				GCC_WARN_64_TO_32_BIT_CONVERSION = YES;
				GCC_WARN_ABOUT_RETURN_TYPE = YES_ERROR;
				GCC_WARN_UNDECLARED_SELECTOR = YES;
				GCC_WARN_UNINITIALIZED_AUTOS = YES_AGGRESSIVE;
				GCC_WARN_UNUSED_FUNCTION = YES;
				GCC_WARN_UNUSED_VARIABLE = YES;
				IPHONEOS_DEPLOYMENT_TARGET = 13.2;
				MTL_ENABLE_DEBUG_INFO = INCLUDE_SOURCE;
				MTL_FAST_MATH = YES;
				ONLY_ACTIVE_ARCH = YES;
				SDKROOT = iphoneos;
				SWIFT_ACTIVE_COMPILATION_CONDITIONS = DEBUG;
				SWIFT_OPTIMIZATION_LEVEL = "-Onone";
			};
			name = Debug;
		};
		523D809824783C2900B048CB /* Release */ = {
			isa = XCBuildConfiguration;
			buildSettings = {
				ALWAYS_SEARCH_USER_PATHS = NO;
				CLANG_ANALYZER_NONNULL = YES;
				CLANG_ANALYZER_NUMBER_OBJECT_CONVERSION = YES_AGGRESSIVE;
				CLANG_CXX_LANGUAGE_STANDARD = "gnu++14";
				CLANG_CXX_LIBRARY = "libc++";
				CLANG_ENABLE_MODULES = YES;
				CLANG_ENABLE_OBJC_ARC = YES;
				CLANG_ENABLE_OBJC_WEAK = YES;
				CLANG_WARN_BLOCK_CAPTURE_AUTORELEASING = YES;
				CLANG_WARN_BOOL_CONVERSION = YES;
				CLANG_WARN_COMMA = YES;
				CLANG_WARN_CONSTANT_CONVERSION = YES;
				CLANG_WARN_DEPRECATED_OBJC_IMPLEMENTATIONS = YES;
				CLANG_WARN_DIRECT_OBJC_ISA_USAGE = YES_ERROR;
				CLANG_WARN_DOCUMENTATION_COMMENTS = YES;
				CLANG_WARN_EMPTY_BODY = YES;
				CLANG_WARN_ENUM_CONVERSION = YES;
				CLANG_WARN_INFINITE_RECURSION = YES;
				CLANG_WARN_INT_CONVERSION = YES;
				CLANG_WARN_NON_LITERAL_NULL_CONVERSION = YES;
				CLANG_WARN_OBJC_IMPLICIT_RETAIN_SELF = YES;
				CLANG_WARN_OBJC_LITERAL_CONVERSION = YES;
				CLANG_WARN_OBJC_ROOT_CLASS = YES_ERROR;
				CLANG_WARN_RANGE_LOOP_ANALYSIS = YES;
				CLANG_WARN_STRICT_PROTOTYPES = YES;
				CLANG_WARN_SUSPICIOUS_MOVE = YES;
				CLANG_WARN_UNGUARDED_AVAILABILITY = YES_AGGRESSIVE;
				CLANG_WARN_UNREACHABLE_CODE = YES;
				CLANG_WARN__DUPLICATE_METHOD_MATCH = YES;
				COPY_PHASE_STRIP = NO;
				DEBUG_INFORMATION_FORMAT = "dwarf-with-dsym";
				ENABLE_NS_ASSERTIONS = NO;
				ENABLE_STRICT_OBJC_MSGSEND = YES;
				GCC_C_LANGUAGE_STANDARD = gnu11;
				GCC_NO_COMMON_BLOCKS = YES;
				GCC_WARN_64_TO_32_BIT_CONVERSION = YES;
				GCC_WARN_ABOUT_RETURN_TYPE = YES_ERROR;
				GCC_WARN_UNDECLARED_SELECTOR = YES;
				GCC_WARN_UNINITIALIZED_AUTOS = YES_AGGRESSIVE;
				GCC_WARN_UNUSED_FUNCTION = YES;
				GCC_WARN_UNUSED_VARIABLE = YES;
				IPHONEOS_DEPLOYMENT_TARGET = 13.2;
				MTL_ENABLE_DEBUG_INFO = NO;
				MTL_FAST_MATH = YES;
				SDKROOT = iphoneos;
				SWIFT_COMPILATION_MODE = wholemodule;
				SWIFT_OPTIMIZATION_LEVEL = "-O";
				VALIDATE_PRODUCT = YES;
			};
			name = Release;
		};
		523D809A24783C2900B048CB /* Debug */ = {
			isa = XCBuildConfiguration;
			baseConfigurationReference = C003AD658AD7E2EA795A3F4F /* Pods-MovieBrowser.debug.xcconfig */;
			buildSettings = {
				ASSETCATALOG_COMPILER_APPICON_NAME = AppIcon;
				CODE_SIGN_STYLE = Automatic;
				DEVELOPMENT_TEAM = X8W797UW5V;
				INFOPLIST_FILE = MovieBrowser/Info.plist;
				IPHONEOS_DEPLOYMENT_TARGET = 12.0;
				LD_RUNPATH_SEARCH_PATHS = (
					"$(inherited)",
					"@executable_path/Frameworks",
				);
				PRODUCT_BUNDLE_IDENTIFIER = akshay.MovieBrowser;
				PRODUCT_NAME = "$(TARGET_NAME)";
				SWIFT_VERSION = 5.0;
				TARGETED_DEVICE_FAMILY = "1,2";
			};
			name = Debug;
		};
		523D809B24783C2900B048CB /* Release */ = {
			isa = XCBuildConfiguration;
			baseConfigurationReference = 87CC69219A36E167A81F296A /* Pods-MovieBrowser.release.xcconfig */;
			buildSettings = {
				ASSETCATALOG_COMPILER_APPICON_NAME = AppIcon;
				CODE_SIGN_STYLE = Automatic;
				DEVELOPMENT_TEAM = X8W797UW5V;
				INFOPLIST_FILE = MovieBrowser/Info.plist;
				IPHONEOS_DEPLOYMENT_TARGET = 12.0;
				LD_RUNPATH_SEARCH_PATHS = (
					"$(inherited)",
					"@executable_path/Frameworks",
				);
				PRODUCT_BUNDLE_IDENTIFIER = akshay.MovieBrowser;
				PRODUCT_NAME = "$(TARGET_NAME)";
				SWIFT_VERSION = 5.0;
				TARGETED_DEVICE_FAMILY = "1,2";
			};
			name = Release;
		};
/* End XCBuildConfiguration section */

/* Begin XCConfigurationList section */
		523D808024783C2800B048CB /* Build configuration list for PBXProject "MovieBrowser" */ = {
			isa = XCConfigurationList;
			buildConfigurations = (
				523D809724783C2900B048CB /* Debug */,
				523D809824783C2900B048CB /* Release */,
			);
			defaultConfigurationIsVisible = 0;
			defaultConfigurationName = Release;
		};
		523D809924783C2900B048CB /* Build configuration list for PBXNativeTarget "MovieBrowser" */ = {
			isa = XCConfigurationList;
			buildConfigurations = (
				523D809A24783C2900B048CB /* Debug */,
				523D809B24783C2900B048CB /* Release */,
			);
			defaultConfigurationIsVisible = 0;
			defaultConfigurationName = Release;
		};
/* End XCConfigurationList section */
	};
	rootObject = 523D807D24783C2800B048CB /* Project object */;
}
